
Microsoft Visual Studio Solution File, Format Version 12.00
# Visual Studio Version 17
VisualStudioVersion = 17.0.31903.59
MinimumVisualStudioVersion = 10.0.40219.1
Project("{FAE04EC0-301F-11D3-BF4B-00C04F79EFBC}") = "Selenium Helper", "Selenium Helper\Selenium Helper.csproj", "{C15710E3-52B4-47A5-84F6-AC2553C72963}"
EndProject
Global
	GlobalSection(SolutionConfigurationPlatforms) = preSolution
		Debug|Any CPU = Debug|Any CPU
		Release|Any CPU = Release|Any CPU
	EndGlobalSection
	GlobalSection(ProjectConfigurationPlatforms) = postSolution
		{C15710E3-52B4-47A5-84F6-AC2553C72963}.Debug|Any CPU.ActiveCfg = Debug|Any CPU
		{C15710E3-52B4-47A5-84F6-AC2553C72963}.Debug|Any CPU.Build.0 = Debug|Any CPU
		{C15710E3-52B4-47A5-84F6-AC2553C72963}.Release|Any CPU.ActiveCfg = Release|Any CPU
		{C15710E3-52B4-47A5-84F6-AC2553C72963}.Release|Any CPU.Build.0 = Release|Any CPU
	EndGlobalSection
	GlobalSection(SolutionProperties) = preSolution
		HideSolutionNode = FALSE
	EndGlobalSection
	GlobalSection(ExtensibilityGlobals) = postSolution
		SolutionGuid = {DD402C47-E498-4970-A9FB-D99E2BD897B0}
	EndGlobalSection
EndGlobal
